
Microsoft Visual Studio Solution File, Format Version 12.00
Project("{FAE04EC0-301F-11D3-BF4B-00C04F79EFBC}") = "launcher", "launcher.csproj", "{AA1AF95D-DF61-4541-B6DE-8A04F514ADFA}"
EndProject
Global
	GlobalSection(SolutionConfigurationPlatforms) = preSolution
		Debug|Any CPU = Debug|Any CPU
		Release|Any CPU = Release|Any CPU
	EndGlobalSection
	GlobalSection(ProjectConfigurationPlatforms) = postSolution
		{AA1AF95D-DF61-4541-B6DE-8A04F514ADFA}.Debug|Any CPU.ActiveCfg = Debug|Any CPU
		{AA1AF95D-DF61-4541-B6DE-8A04F514ADFA}.Debug|Any CPU.Build.0 = Debug|Any CPU
		{AA1AF95D-DF61-4541-B6DE-8A04F514ADFA}.Release|Any CPU.ActiveCfg = Release|Any CPU
		{AA1AF95D-DF61-4541-B6DE-8A04F514ADFA}.Release|Any CPU.Build.0 = Release|Any CPU
	EndGlobalSection
EndGlobal
